
Microsoft Visual Studio Solution File, Format Version 12.00
# Visual Studio Version 17
VisualStudioVersion = 17.8.34330.188
MinimumVisualStudioVersion = 10.0.40219.1
Project("{FAE04EC0-301F-11D3-BF4B-00C04F79EFBC}") = "Entity", "Entity\Entity.csproj", "{3A111860-A6E2-40A6-864A-DAF8DE5BB1AD}"
EndProject
Project("{FAE04EC0-301F-11D3-BF4B-00C04F79EFBC}") = "Business", "Business\Business.csproj", "{AA9A8688-3DBC-471E-823D-33B0A544D212}"
EndProject
Project("{FAE04EC0-301F-11D3-BF4B-00C04F79EFBC}") = "DataAccess", "DataAccess\DataAccess.csproj", "{FCF21583-33CA-422D-B73A-7C049EFF0A73}"
EndProject
Project("{FAE04EC0-301F-11D3-BF4B-00C04F79EFBC}") = "Core", "Core\Core.csproj", "{8681880A-40EA-4EF4-AA11-20E48846BDC1}"
EndProject
Project("{FAE04EC0-301F-11D3-BF4B-00C04F79EFBC}") = "Estate.UI", "Estate.UI\Estate.UI.csproj", "{59F54A51-1FEA-4FF7-8DCE-451334FC8A66}"
EndProject
Global
	GlobalSection(SolutionConfigurationPlatforms) = preSolution
		Debug|Any CPU = Debug|Any CPU
		Release|Any CPU = Release|Any CPU
	EndGlobalSection
	GlobalSection(ProjectConfigurationPlatforms) = postSolution
		{3A111860-A6E2-40A6-864A-DAF8DE5BB1AD}.Debug|Any CPU.ActiveCfg = Debug|Any CPU
		{3A111860-A6E2-40A6-864A-DAF8DE5BB1AD}.Debug|Any CPU.Build.0 = Debug|Any CPU
		{3A111860-A6E2-40A6-864A-DAF8DE5BB1AD}.Release|Any CPU.ActiveCfg = Release|Any CPU
		{3A111860-A6E2-40A6-864A-DAF8DE5BB1AD}.Release|Any CPU.Build.0 = Release|Any CPU
		{AA9A8688-3DBC-471E-823D-33B0A544D212}.Debug|Any CPU.ActiveCfg = Debug|Any CPU
		{AA9A8688-3DBC-471E-823D-33B0A544D212}.Debug|Any CPU.Build.0 = Debug|Any CPU
		{AA9A8688-3DBC-471E-823D-33B0A544D212}.Release|Any CPU.ActiveCfg = Release|Any CPU
		{AA9A8688-3DBC-471E-823D-33B0A544D212}.Release|Any CPU.Build.0 = Release|Any CPU
		{FCF21583-33CA-422D-B73A-7C049EFF0A73}.Debug|Any CPU.ActiveCfg = Debug|Any CPU
		{FCF21583-33CA-422D-B73A-7C049EFF0A73}.Debug|Any CPU.Build.0 = Debug|Any CPU
		{FCF21583-33CA-422D-B73A-7C049EFF0A73}.Release|Any CPU.ActiveCfg = Release|Any CPU
		{FCF21583-33CA-422D-B73A-7C049EFF0A73}.Release|Any CPU.Build.0 = Release|Any CPU
		{8681880A-40EA-4EF4-AA11-20E48846BDC1}.Debug|Any CPU.ActiveCfg = Debug|Any CPU
		{8681880A-40EA-4EF4-AA11-20E48846BDC1}.Debug|Any CPU.Build.0 = Debug|Any CPU
		{8681880A-40EA-4EF4-AA11-20E48846BDC1}.Release|Any CPU.ActiveCfg = Release|Any CPU
		{8681880A-40EA-4EF4-AA11-20E48846BDC1}.Release|Any CPU.Build.0 = Release|Any CPU
		{59F54A51-1FEA-4FF7-8DCE-451334FC8A66}.Debug|Any CPU.ActiveCfg = Debug|Any CPU
		{59F54A51-1FEA-4FF7-8DCE-451334FC8A66}.Debug|Any CPU.Build.0 = Debug|Any CPU
		{59F54A51-1FEA-4FF7-8DCE-451334FC8A66}.Release|Any CPU.ActiveCfg = Release|Any CPU
		{59F54A51-1FEA-4FF7-8DCE-451334FC8A66}.Release|Any CPU.Build.0 = Release|Any CPU
	EndGlobalSection
	GlobalSection(SolutionProperties) = preSolution
		HideSolutionNode = FALSE
	EndGlobalSection
	GlobalSection(ExtensibilityGlobals) = postSolution
		SolutionGuid = {B15194BA-0C30-429D-BF0E-4095A06C00F6}
	EndGlobalSection
EndGlobal
